# This file is @generated by PDM.
# It is not intended for manual editing.

[metadata]
groups = ["default"]
strategy = ["inherit_metadata"]
lock_version = "4.5.0"
content_hash = "sha256:2fbdd30661e11ad8706e76cf99504055d744c4c3ea17ed0101a38f9457c089ab"

[[metadata.targets]]
requires_python = ">=3.11"

[[package]]
name = "awaitlet"
version = "0.0.1"
requires_python = ">=3.8"
summary = "Allow non-async defs that invoke awaitables inside of asyncio applications"
groups = ["default"]
dependencies = [
    "greenlet>=1",
    "typing-extensions>=4.6.0",
]
files = [
    {file = "awaitlet-0.0.1-py3-none-any.whl", hash = "sha256:255b1c086f2fbfef2d8d88b66acae8636418d38bcfe93a897ccd8234a7b8bf6d"},
    {file = "awaitlet-0.0.1.tar.gz", hash = "sha256:d98c8b821f595284f9327d45067995ccbee0d99993f0d0b935b23ac8ecf58334"},
]

[[package]]
name = "cffi"
version = "1.17.1"
requires_python = ">=3.8"
summary = "Foreign Function Interface for Python calling C code."
groups = ["default"]
marker = "platform_python_implementation != \"PyPy\""
dependencies = [
    "pycparser",
]
files = [
    {file = "cffi-1.17.1-cp311-cp311-macosx_10_9_x86_64.whl", hash = "sha256:a45e3c6913c5b87b3ff120dcdc03f6131fa0065027d0ed7ee6190736a74cd401"},
    {file = "cffi-1.17.1-cp311-cp311-macosx_11_0_arm64.whl", hash = "sha256:30c5e0cb5ae493c04c8b42916e52ca38079f1b235c2f8ae5f4527b963c401caf"},
    {file = "cffi-1.17.1-cp311-cp311-manylinux_2_12_i686.manylinux2010_i686.manylinux_2_17_i686.manylinux2014_i686.whl", hash = "sha256:f75c7ab1f9e4aca5414ed4d8e5c0e303a34f4421f8a0d47a4d019ceff0ab6af4"},
    {file = "cffi-1.17.1-cp311-cp311-manylinux_2_17_aarch64.manylinux2014_aarch64.whl", hash = "sha256:a1ed2dd2972641495a3ec98445e09766f077aee98a1c896dcb4ad0d303628e41"},
    {file = "cffi-1.17.1-cp311-cp311-manylinux_2_17_ppc64le.manylinux2014_ppc64le.whl", hash = "sha256:46bf43160c1a35f7ec506d254e5c890f3c03648a4dbac12d624e4490a7046cd1"},
    {file = "cffi-1.17.1-cp311-cp311-manylinux_2_17_s390x.manylinux2014_s390x.whl", hash = "sha256:a24ed04c8ffd54b0729c07cee15a81d964e6fee0e3d4d342a27b020d22959dc6"},
    {file = "cffi-1.17.1-cp311-cp311-manylinux_2_17_x86_64.manylinux2014_x86_64.whl", hash = "sha256:610faea79c43e44c71e1ec53a554553fa22321b65fae24889706c0a84d4ad86d"},
    {file = "cffi-1.17.1-cp311-cp311-musllinux_1_1_aarch64.whl", hash = "sha256:a9b15d491f3ad5d692e11f6b71f7857e7835eb677955c00cc0aefcd0669adaf6"},
    {file = "cffi-1.17.1-cp311-cp311-musllinux_1_1_i686.whl", hash = "sha256:de2ea4b5833625383e464549fec1bc395c1bdeeb5f25c4a3a82b5a8c756ec22f"},
    {file = "cffi-1.17.1-cp311-cp311-musllinux_1_1_x86_64.whl", hash = "sha256:fc48c783f9c87e60831201f2cce7f3b2e4846bf4d8728eabe54d60700b318a0b"},
    {file = "cffi-1.17.1-cp311-cp311-win32.whl", hash = "sha256:85a950a4ac9c359340d5963966e3e0a94a676bd6245a4b55bc43949eee26a655"},
    {file = "cffi-1.17.1-cp311-cp311-win_amd64.whl", hash = "sha256:caaf0640ef5f5517f49bc275eca1406b0ffa6aa184892812030f04c2abf589a0"},
    {file = "cffi-1.17.1-cp312-cp312-macosx_10_9_x86_64.whl", hash = "sha256:805b4371bf7197c329fcb3ead37e710d1bca9da5d583f5073b799d5c5bd1eee4"},
    {file = "cffi-1.17.1-cp312-cp312-macosx_11_0_arm64.whl", hash = "sha256:733e99bc2df47476e3848417c5a4540522f234dfd4ef3ab7fafdf555b082ec0c"},
    {file = "cffi-1.17.1-cp312-cp312-manylinux_2_12_i686.manylinux2010_i686.manylinux_2_17_i686.manylinux2014_i686.whl", hash = "sha256:1257bdabf294dceb59f5e70c64a3e2f462c30c7ad68092d01bbbfb1c16b1ba36"},
    {file = "cffi-1.17.1-cp312-cp312-manylinux_2_17_aarch64.manylinux2014_aarch64.whl", hash = "sha256:da95af8214998d77a98cc14e3a3bd00aa191526343078b530ceb0bd710fb48a5"},
    {file = "cffi-1.17.1-cp312-cp312-manylinux_2_17_ppc64le.manylinux2014_ppc64le.whl", hash = "sha256:d63afe322132c194cf832bfec0dc69a99fb9bb6bbd550f161a49e9e855cc78ff"},
    {file = "cffi-1.17.1-cp312-cp312-manylinux_2_17_s390x.manylinux2014_s390x.whl", hash = "sha256:f79fc4fc25f1c8698ff97788206bb3c2598949bfe0fef03d299eb1b5356ada99"},
    {file = "cffi-1.17.1-cp312-cp312-manylinux_2_17_x86_64.manylinux2014_x86_64.whl", hash = "sha256:b62ce867176a75d03a665bad002af8e6d54644fad99a3c70905c543130e39d93"},
    {file = "cffi-1.17.1-cp312-cp312-musllinux_1_1_aarch64.whl", hash = "sha256:386c8bf53c502fff58903061338ce4f4950cbdcb23e2902d86c0f722b786bbe3"},
    {file = "cffi-1.17.1-cp312-cp312-musllinux_1_1_x86_64.whl", hash = "sha256:4ceb10419a9adf4460ea14cfd6bc43d08701f0835e979bf821052f1805850fe8"},
    {file = "cffi-1.17.1-cp312-cp312-win32.whl", hash = "sha256:a08d7e755f8ed21095a310a693525137cfe756ce62d066e53f502a83dc550f65"},
    {file = "cffi-1.17.1-cp312-cp312-win_amd64.whl", hash = "sha256:51392eae71afec0d0c8fb1a53b204dbb3bcabcb3c9b807eedf3e1e6ccf2de903"},
    {file = "cffi-1.17.1-cp313-cp313-macosx_10_13_x86_64.whl", hash = "sha256:f3a2b4222ce6b60e2e8b337bb9596923045681d71e5a082783484d845390938e"},
    {file = "cffi-1.17.1-cp313-cp313-macosx_11_0_arm64.whl", hash = "sha256:0984a4925a435b1da406122d4d7968dd861c1385afe3b45ba82b750f229811e2"},
    {file = "cffi-1.17.1-cp313-cp313-manylinux_2_12_i686.manylinux2010_i686.manylinux_2_17_i686.manylinux2014_i686.whl", hash = "sha256:d01b12eeeb4427d3110de311e1774046ad344f5b1a7403101878976ecd7a10f3"},
    {file = "cffi-1.17.1-cp313-cp313-manylinux_2_17_aarch64.manylinux2014_aarch64.whl", hash = "sha256:706510fe141c86a69c8ddc029c7910003a17353970cff3b904ff0686a5927683"},
    {file = "cffi-1.17.1-cp313-cp313-manylinux_2_17_ppc64le.manylinux2014_ppc64le.whl", hash = "sha256:de55b766c7aa2e2a3092c51e0483d700341182f08e67c63630d5b6f200bb28e5"},
    {file = "cffi-1.17.1-cp313-cp313-manylinux_2_17_s390x.manylinux2014_s390x.whl", hash = "sha256:c59d6e989d07460165cc5ad3c61f9fd8f1b4796eacbd81cee78957842b834af4"},
    {file = "cffi-1.17.1-cp313-cp313-manylinux_2_17_x86_64.manylinux2014_x86_64.whl", hash = "sha256:dd398dbc6773384a17fe0d3e7eeb8d1a21c2200473ee6806bb5e6a8e62bb73dd"},
    {file = "cffi-1.17.1-cp313-cp313-musllinux_1_1_aarch64.whl", hash = "sha256:3edc8d958eb099c634dace3c7e16560ae474aa3803a5df240542b305d14e14ed"},
    {file = "cffi-1.17.1-cp313-cp313-musllinux_1_1_x86_64.whl", hash = "sha256:72e72408cad3d5419375fc87d289076ee319835bdfa2caad331e377589aebba9"},
    {file = "cffi-1.17.1-cp313-cp313-win32.whl", hash = "sha256:e03eab0a8677fa80d646b5ddece1cbeaf556c313dcfac435ba11f107ba117b5d"},
    {file = "cffi-1.17.1-cp313-cp313-win_amd64.whl", hash = "sha256:f6a16c31041f09ead72d69f583767292f750d24913dadacf5756b966aacb3f1a"},
    {file = "cffi-1.17.1.tar.gz", hash = "sha256:1c39c6016c32bc48dd54561950ebd6836e1670f2ae46128f67cf49e789c52824"},
]

[[package]]
name = "colorama"
version = "0.4.6"
requires_python = "!=3.0.*,!=3.1.*,!=3.2.*,!=3.3.*,!=3.4.*,!=3.5.*,!=3.6.*,>=2.7"
summary = "Cross-platform colored terminal text."
groups = ["default"]
marker = "sys_platform == \"win32\""
files = [
    {file = "colorama-0.4.6-py2.py3-none-any.whl", hash = "sha256:4f1d9991f5acc0ca119f9d443620b77f9d6b33703e51011c16baf57afb285fc6"},
    {file = "colorama-0.4.6.tar.gz", hash = "sha256:08695f5cb7ed6e0531a20572697297273c47b8cae5a63ffc6d6ed5c201be6e44"},
]

[[package]]
name = "cryptography"
version = "43.0.3"
requires_python = ">=3.7"
summary = "cryptography is a package which provides cryptographic recipes and primitives to Python developers."
groups = ["default"]
dependencies = [
    "cffi>=1.12; platform_python_implementation != \"PyPy\"",
]
files = [
    {file = "cryptography-43.0.3-cp37-abi3-macosx_10_9_universal2.whl", hash = "sha256:bf7a1932ac4176486eab36a19ed4c0492da5d97123f1406cf15e41b05e787d2e"},
    {file = "cryptography-43.0.3-cp37-abi3-manylinux_2_17_aarch64.manylinux2014_aarch64.whl", hash = "sha256:63efa177ff54aec6e1c0aefaa1a241232dcd37413835a9b674b6e3f0ae2bfd3e"},
    {file = "cryptography-43.0.3-cp37-abi3-manylinux_2_17_x86_64.manylinux2014_x86_64.whl", hash = "sha256:7e1ce50266f4f70bf41a2c6dc4358afadae90e2a1e5342d3c08883df1675374f"},
    {file = "cryptography-43.0.3-cp37-abi3-manylinux_2_28_aarch64.whl", hash = "sha256:443c4a81bb10daed9a8f334365fe52542771f25aedaf889fd323a853ce7377d6"},
    {file = "cryptography-43.0.3-cp37-abi3-manylinux_2_28_x86_64.whl", hash = "sha256:74f57f24754fe349223792466a709f8e0c093205ff0dca557af51072ff47ab18"},
    {file = "cryptography-43.0.3-cp37-abi3-musllinux_1_2_aarch64.whl", hash = "sha256:9762ea51a8fc2a88b70cf2995e5675b38d93bf36bd67d91721c309df184f49bd"},
    {file = "cryptography-43.0.3-cp37-abi3-musllinux_1_2_x86_64.whl", hash = "sha256:81ef806b1fef6b06dcebad789f988d3b37ccaee225695cf3e07648eee0fc6b73"},
    {file = "cryptography-43.0.3-cp37-abi3-win32.whl", hash = "sha256:cbeb489927bd7af4aa98d4b261af9a5bc025bd87f0e3547e11584be9e9427be2"},
    {file = "cryptography-43.0.3-cp37-abi3-win_amd64.whl", hash = "sha256:f46304d6f0c6ab8e52770addfa2fc41e6629495548862279641972b6215451cd"},
    {file = "cryptography-43.0.3-cp39-abi3-macosx_10_9_universal2.whl", hash = "sha256:8ac43ae87929a5982f5948ceda07001ee5e83227fd69cf55b109144938d96984"},
    {file = "cryptography-43.0.3-cp39-abi3-manylinux_2_17_aarch64.manylinux2014_aarch64.whl", hash = "sha256:846da004a5804145a5f441b8530b4bf35afbf7da70f82409f151695b127213d5"},
    {file = "cryptography-43.0.3-cp39-abi3-manylinux_2_17_x86_64.manylinux2014_x86_64.whl", hash = "sha256:0f996e7268af62598f2fc1204afa98a3b5712313a55c4c9d434aef49cadc91d4"},
    {file = "cryptography-43.0.3-cp39-abi3-manylinux_2_28_aarch64.whl", hash = "sha256:f7b178f11ed3664fd0e995a47ed2b5ff0a12d893e41dd0494f406d1cf555cab7"},
    {file = "cryptography-43.0.3-cp39-abi3-manylinux_2_28_x86_64.whl", hash = "sha256:c2e6fc39c4ab499049df3bdf567f768a723a5e8464816e8f009f121a5a9f4405"},
    {file = "cryptography-43.0.3-cp39-abi3-musllinux_1_2_aarch64.whl", hash = "sha256:e1be4655c7ef6e1bbe6b5d0403526601323420bcf414598955968c9ef3eb7d16"},
    {file = "cryptography-43.0.3-cp39-abi3-musllinux_1_2_x86_64.whl", hash = "sha256:df6b6c6d742395dd77a23ea3728ab62f98379eff8fb61be2744d4679ab678f73"},
    {file = "cryptography-43.0.3-cp39-abi3-win32.whl", hash = "sha256:d56e96520b1020449bbace2b78b603442e7e378a9b3bd68de65c782db1507995"},
    {file = "cryptography-43.0.3-cp39-abi3-win_amd64.whl", hash = "sha256:0c580952eef9bf68c4747774cde7ec1d85a6e61de97281f2dba83c7d2c806362"},
    {file = "cryptography-43.0.3.tar.gz", hash = "sha256:315b9001266a492a6ff443b61238f956b214dbec9910a081ba5b6646a055a805"},
]

[[package]]
name = "elaina-segment"
version = "0.4.0"
requires_python = ">=3.9"
summary = "Default template for PDM package"
groups = ["default"]
files = [
    {file = "elaina_segment-0.4.0-cp311-cp311-macosx_10_9_x86_64.whl", hash = "sha256:7de558fff394a0f0b5977615d403448e946c34f32db11566c9c2b2c2d351fcb7"},
    {file = "elaina_segment-0.4.0-cp311-cp311-macosx_11_0_arm64.whl", hash = "sha256:921979113cd97ace662a7273498c3ffa945d5f3f30a67e47bbfd1fafa5473215"},
    {file = "elaina_segment-0.4.0-cp311-cp311-manylinux_2_17_x86_64.manylinux2014_x86_64.whl", hash = "sha256:ad163a2259325a6f33d3d001d19e77ea317b5dc80f92fee67c5073bc3b4b0b40"},
    {file = "elaina_segment-0.4.0-cp311-cp311-manylinux_2_5_i686.manylinux1_i686.manylinux_2_17_i686.manylinux2014_i686.whl", hash = "sha256:a4fb3eab83e72c1d8fc91926abf9de5a1283c1e85b12503763c15c1ca7dcf7db"},
    {file = "elaina_segment-0.4.0-cp311-cp311-musllinux_1_2_i686.whl", hash = "sha256:a67987b90ae2171752ac32d9d5dd700e2937007616b90b3a9522b6f78e37c4b5"},
    {file = "elaina_segment-0.4.0-cp311-cp311-musllinux_1_2_x86_64.whl", hash = "sha256:a091f1aecd45fac12d72d23a3f935b7bb22fb7e688a77e7eed499904430b46ad"},
    {file = "elaina_segment-0.4.0-cp311-cp311-win32.whl", hash = "sha256:e8db8ca0387f5429600dbbfbdcb7b791fbd21e3cb60d835b6645a90e2ffe98f8"},
    {file = "elaina_segment-0.4.0-cp311-cp311-win_amd64.whl", hash = "sha256:7bacb1f41c3adda71043a158fa31b16d454b90cec5c168b5d32117beeb1df5ef"},
    {file = "elaina_segment-0.4.0-cp312-cp312-macosx_10_13_x86_64.whl", hash = "sha256:0436e858ad3aedf3699bada99b04936d7a4347fe30f271b1840051f92691f118"},
    {file = "elaina_segment-0.4.0-cp312-cp312-macosx_11_0_arm64.whl", hash = "sha256:f1b24d1c4f9da9bac6377645538388900750f6c57ea3550c3876b065c31512c2"},
    {file = "elaina_segment-0.4.0-cp312-cp312-manylinux_2_17_x86_64.manylinux2014_x86_64.whl", hash = "sha256:a92b5ba1990183c7ec8e41dd96e4833ed2b9d38890f453b594b3fa53be4723c9"},
    {file = "elaina_segment-0.4.0-cp312-cp312-manylinux_2_5_i686.manylinux1_i686.manylinux_2_17_i686.manylinux2014_i686.whl", hash = "sha256:84b6518582796f1d663ac9ef301a7cda0d6f00454b9a828503408cfae49268be"},
    {file = "elaina_segment-0.4.0-cp312-cp312-musllinux_1_2_i686.whl", hash = "sha256:959805562561f2cfec95f7006ec7628e74a4fe18619da31796e996ddd70f81f2"},
    {file = "elaina_segment-0.4.0-cp312-cp312-musllinux_1_2_x86_64.whl", hash = "sha256:a3bde1ccefcaf8dce68101c02f7953913c34afb8d994134ac619070dc4e1027d"},
    {file = "elaina_segment-0.4.0-cp312-cp312-win32.whl", hash = "sha256:b70d87555089c30cb47bcebb9031a58ec865bb8ddfe24c8976236d6ea63965f0"},
    {file = "elaina_segment-0.4.0-cp312-cp312-win_amd64.whl", hash = "sha256:22cec03f9b8903a4f18e69254d08f6be122a34b5e3dce0d1bdb03978a3da54f6"},
    {file = "elaina_segment-0.4.0-cp313-cp313-macosx_10_13_x86_64.whl", hash = "sha256:23e863f66d0b9840962cf5280e9cd76039b3a01e91c5e08449d3ac94e18bb98c"},
    {file = "elaina_segment-0.4.0-cp313-cp313-macosx_11_0_arm64.whl", hash = "sha256:4753fa111130488df2efd13b95cbd2a78cf1b7d8ddafd4237aca119bffb461f8"},
    {file = "elaina_segment-0.4.0-cp313-cp313-manylinux_2_17_x86_64.manylinux2014_x86_64.whl", hash = "sha256:37e33e1a142b9c9a6ad117b64157ef090a7418ba4114bf9b573c6e03926ef524"},
    {file = "elaina_segment-0.4.0-cp313-cp313-manylinux_2_5_i686.manylinux1_i686.manylinux_2_17_i686.manylinux2014_i686.whl", hash = "sha256:3a0fc9efc50ec01f9b6393595c5b53c6f1362223c15ea3a0ce7ce96e5494e8c7"},
    {file = "elaina_segment-0.4.0-cp313-cp313-musllinux_1_2_i686.whl", hash = "sha256:b67118291a6c8a99d4cabf6f7962de66599e0102df7c1fc2a5cef3a61d98ab30"},
    {file = "elaina_segment-0.4.0-cp313-cp313-musllinux_1_2_x86_64.whl", hash = "sha256:ec3b3431e59101558dbf07a369e8e4c4d50ed478f95af9ab82438324f3322af4"},
    {file = "elaina_segment-0.4.0-cp313-cp313-win32.whl", hash = "sha256:652b02e5033c51e50f866a0b9777f41dba4cfa0aedec2d0965f96f52d89f1c58"},
    {file = "elaina_segment-0.4.0-cp313-cp313-win_amd64.whl", hash = "sha256:17ea773ba1e34e9c52fc09cb2d99460b4a2d2c9068cee273e0a110e4caa931d3"},
]

[[package]]
name = "greenlet"
version = "3.1.1"
requires_python = ">=3.7"
summary = "Lightweight in-process concurrent programming"
groups = ["default"]
files = [
    {file = "greenlet-3.1.1-cp311-cp311-macosx_11_0_universal2.whl", hash = "sha256:e4d333e558953648ca09d64f13e6d8f0523fa705f51cae3f03b5983489958c70"},
    {file = "greenlet-3.1.1-cp311-cp311-manylinux_2_17_aarch64.manylinux2014_aarch64.whl", hash = "sha256:09fc016b73c94e98e29af67ab7b9a879c307c6731a2c9da0db5a7d9b7edd1159"},
    {file = "greenlet-3.1.1-cp311-cp311-manylinux_2_17_ppc64le.manylinux2014_ppc64le.whl", hash = "sha256:d5e975ca70269d66d17dd995dafc06f1b06e8cb1ec1e9ed54c1d1e4a7c4cf26e"},
    {file = "greenlet-3.1.1-cp311-cp311-manylinux_2_17_s390x.manylinux2014_s390x.whl", hash = "sha256:3b2813dc3de8c1ee3f924e4d4227999285fd335d1bcc0d2be6dc3f1f6a318ec1"},
    {file = "greenlet-3.1.1-cp311-cp311-manylinux_2_17_x86_64.manylinux2014_x86_64.whl", hash = "sha256:e347b3bfcf985a05e8c0b7d462ba6f15b1ee1c909e2dcad795e49e91b152c383"},
    {file = "greenlet-3.1.1-cp311-cp311-manylinux_2_24_x86_64.manylinux_2_28_x86_64.whl", hash = "sha256:9e8f8c9cb53cdac7ba9793c276acd90168f416b9ce36799b9b885790f8ad6c0a"},
    {file = "greenlet-3.1.1-cp311-cp311-musllinux_1_1_aarch64.whl", hash = "sha256:62ee94988d6b4722ce0028644418d93a52429e977d742ca2ccbe1c4f4a792511"},
    {file = "greenlet-3.1.1-cp311-cp311-musllinux_1_1_x86_64.whl", hash = "sha256:1776fd7f989fc6b8d8c8cb8da1f6b82c5814957264d1f6cf818d475ec2bf6395"},
    {file = "greenlet-3.1.1-cp311-cp311-win_amd64.whl", hash = "sha256:48ca08c771c268a768087b408658e216133aecd835c0ded47ce955381105ba39"},
    {file = "greenlet-3.1.1-cp312-cp312-macosx_11_0_universal2.whl", hash = "sha256:4afe7ea89de619adc868e087b4d2359282058479d7cfb94970adf4b55284574d"},
    {file = "greenlet-3.1.1-cp312-cp312-manylinux_2_17_aarch64.manylinux2014_aarch64.whl", hash = "sha256:f406b22b7c9a9b4f8aa9d2ab13d6ae0ac3e85c9a809bd590ad53fed2bf70dc79"},
    {file = "greenlet-3.1.1-cp312-cp312-manylinux_2_17_ppc64le.manylinux2014_ppc64le.whl", hash = "sha256:c3a701fe5a9695b238503ce5bbe8218e03c3bcccf7e204e455e7462d770268aa"},
    {file = "greenlet-3.1.1-cp312-cp312-manylinux_2_17_s390x.manylinux2014_s390x.whl", hash = "sha256:2846930c65b47d70b9d178e89c7e1a69c95c1f68ea5aa0a58646b7a96df12441"},
    {file = "greenlet-3.1.1-cp312-cp312-manylinux_2_17_x86_64.manylinux2014_x86_64.whl", hash = "sha256:99cfaa2110534e2cf3ba31a7abcac9d328d1d9f1b95beede58294a60348fba36"},
    {file = "greenlet-3.1.1-cp312-cp312-manylinux_2_24_x86_64.manylinux_2_28_x86_64.whl", hash = "sha256:1443279c19fca463fc33e65ef2a935a5b09bb90f978beab37729e1c3c6c25fe9"},
    {file = "greenlet-3.1.1-cp312-cp312-musllinux_1_1_aarch64.whl", hash = "sha256:b7cede291382a78f7bb5f04a529cb18e068dd29e0fb27376074b6d0317bf4dd0"},
    {file = "greenlet-3.1.1-cp312-cp312-musllinux_1_1_x86_64.whl", hash = "sha256:23f20bb60ae298d7d8656c6ec6db134bca379ecefadb0b19ce6f19d1f232a942"},
    {file = "greenlet-3.1.1-cp312-cp312-win_amd64.whl", hash = "sha256:7124e16b4c55d417577c2077be379514321916d5790fa287c9ed6f23bd2ffd01"},
    {file = "greenlet-3.1.1-cp313-cp313-macosx_11_0_universal2.whl", hash = "sha256:05175c27cb459dcfc05d026c4232f9de8913ed006d42713cb8a5137bd49375f1"},
    {file = "greenlet-3.1.1-cp313-cp313-manylinux_2_17_aarch64.manylinux2014_aarch64.whl", hash = "sha256:935e943ec47c4afab8965954bf49bfa639c05d4ccf9ef6e924188f762145c0ff"},
    {file = "greenlet-3.1.1-cp313-cp313-manylinux_2_17_ppc64le.manylinux2014_ppc64le.whl", hash = "sha256:667a9706c970cb552ede35aee17339a18e8f2a87a51fba2ed39ceeeb1004798a"},
    {file = "greenlet-3.1.1-cp313-cp313-manylinux_2_17_s390x.manylinux2014_s390x.whl", hash = "sha256:b8a678974d1f3aa55f6cc34dc480169d58f2e6d8958895d68845fa4ab566509e"},
    {file = "greenlet-3.1.1-cp313-cp313-manylinux_2_17_x86_64.manylinux2014_x86_64.whl", hash = "sha256:efc0f674aa41b92da8c49e0346318c6075d734994c3c4e4430b1c3f853e498e4"},
    {file = "greenlet-3.1.1-cp313-cp313-manylinux_2_24_x86_64.manylinux_2_28_x86_64.whl", hash = "sha256:0153404a4bb921f0ff1abeb5ce8a5131da56b953eda6e14b88dc6bbc04d2049e"},
    {file = "greenlet-3.1.1-cp313-cp313-musllinux_1_1_aarch64.whl", hash = "sha256:275f72decf9932639c1c6dd1013a1bc266438eb32710016a1c742df5da6e60a1"},
    {file = "greenlet-3.1.1-cp313-cp313-musllinux_1_1_x86_64.whl", hash = "sha256:c4aab7f6381f38a4b42f269057aee279ab0fc7bf2e929e3d4abfae97b682a12c"},
    {file = "greenlet-3.1.1-cp313-cp313-win_amd64.whl", hash = "sha256:b42703b1cf69f2aa1df7d1030b9d77d3e584a70755674d60e710f0af570f3761"},
    {file = "greenlet-3.1.1-cp313-cp313t-manylinux_2_17_aarch64.manylinux2014_aarch64.whl", hash = "sha256:f1695e76146579f8c06c1509c7ce4dfe0706f49c6831a817ac04eebb2fd02011"},
    {file = "greenlet-3.1.1-cp313-cp313t-manylinux_2_17_ppc64le.manylinux2014_ppc64le.whl", hash = "sha256:7876452af029456b3f3549b696bb36a06db7c90747740c5302f74a9e9fa14b13"},
    {file = "greenlet-3.1.1-cp313-cp313t-manylinux_2_17_s390x.manylinux2014_s390x.whl", hash = "sha256:4ead44c85f8ab905852d3de8d86f6f8baf77109f9da589cb4fa142bd3b57b475"},
    {file = "greenlet-3.1.1-cp313-cp313t-manylinux_2_17_x86_64.manylinux2014_x86_64.whl", hash = "sha256:8320f64b777d00dd7ccdade271eaf0cad6636343293a25074cc5566160e4de7b"},
    {file = "greenlet-3.1.1-cp313-cp313t-manylinux_2_24_x86_64.manylinux_2_28_x86_64.whl", hash = "sha256:6510bf84a6b643dabba74d3049ead221257603a253d0a9873f55f6a59a65f822"},
    {file = "greenlet-3.1.1-cp313-cp313t-musllinux_1_1_aarch64.whl", hash = "sha256:04b013dc07c96f83134b1e99888e7a79979f1a247e2a9f59697fa14b5862ed01"},
    {file = "greenlet-3.1.1-cp313-cp313t-musllinux_1_1_x86_64.whl", hash = "sha256:411f015496fec93c1c8cd4e5238da364e1da7a124bcb293f085bf2860c32c6f6"},
    {file = "greenlet-3.1.1.tar.gz", hash = "sha256:4ce3ac6cdb6adf7946475d7ef31777c26d94bccc377e070a7986bd2d5c515467"},
]

[[package]]
name = "lagrange-python"
version = "0.1.5"
requires_python = ">=3.9"
summary = "An Python Implementation of NTQQ PC Protocol"
groups = ["default"]
dependencies = [
    "cryptography>=40.0.0",
    "qrcode>=7.4.2",
    "typing-extensions>=4.7.0",
]
files = [
    {file = "lagrange_python-0.1.5-py3-none-any.whl", hash = "sha256:89a682ba8ae90cbae3c6dd8563f45c75affdac0f257df2439c493ba9db5c011e"},
    {file = "lagrange_python-0.1.5.tar.gz", hash = "sha256:cb48d40b86f26a9bc09b2c97c1304e44ce86d30f548fbadccc491b583b92cb78"},
]

[[package]]
name = "pycparser"
version = "2.22"
requires_python = ">=3.8"
summary = "C parser in Python"
groups = ["default"]
marker = "platform_python_implementation != \"PyPy\""
files = [
    {file = "pycparser-2.22-py3-none-any.whl", hash = "sha256:c3702b6d3dd8c7abc1afa565d7e63d53a1d0bd86cdc24edd75470f4de499cfcc"},
    {file = "pycparser-2.22.tar.gz", hash = "sha256:491c8be9c040f5390f5bf44a5b07752bd07f56edf992381b05c701439eec10f6"},
]

[[package]]
name = "qrcode"
version = "8.0"
requires_python = "<4.0,>=3.9"
summary = "QR Code image generator"
groups = ["default"]
dependencies = [
    "colorama; sys_platform == \"win32\"",
]
files = [
    {file = "qrcode-8.0-py3-none-any.whl", hash = "sha256:9fc05f03305ad27a709eb742cf3097fa19e6f6f93bb9e2f039c0979190f6f1b1"},
    {file = "qrcode-8.0.tar.gz", hash = "sha256:025ce2b150f7fe4296d116ee9bad455a6643ab4f6e7dce541613a4758cbce347"},
]

[[package]]
name = "tarina"
version = "0.6.3"
requires_python = ">=3.9"
summary = "A collection of common utils for Arclet"
groups = ["default"]
dependencies = [
    "typing-extensions>=4.4.0",
]
files = [
    {file = "tarina-0.6.3-cp311-cp311-macosx_10_9_universal2.whl", hash = "sha256:2e8f95b6ff3704f93d5e03e2cdd0008cd2106b2f4eb4a2c8b6de48358a97b245"},
    {file = "tarina-0.6.3-cp311-cp311-macosx_10_9_x86_64.whl", hash = "sha256:c49edd608e9c057200873fafb7d39af2a68fcf9f63cb9bfd96ac51221dfcd595"},
    {file = "tarina-0.6.3-cp311-cp311-macosx_11_0_arm64.whl", hash = "sha256:26b98096b3894a1da028ade1d68f895482ad74ea98c8770e76ed2354c0e1d5ae"},
    {file = "tarina-0.6.3-cp311-cp311-manylinux_2_17_aarch64.manylinux2014_aarch64.whl", hash = "sha256:53474a64d9356502cd422bff076a79e275339db2eb1731c3433c7382037567d2"},
    {file = "tarina-0.6.3-cp311-cp311-manylinux_2_17_ppc64le.manylinux2014_ppc64le.whl", hash = "sha256:58d301ab8ccba446929f8a8557e64c8116fe31bc9bf82a17b45486c51eb62a91"},
    {file = "tarina-0.6.3-cp311-cp311-manylinux_2_17_s390x.manylinux2014_s390x.whl", hash = "sha256:1178bcc87e2feaa3c26ebf663f6260e00d77f7ed9ccc934c1a68d6d2b131ae39"},
    {file = "tarina-0.6.3-cp311-cp311-manylinux_2_5_i686.manylinux1_i686.manylinux_2_17_i686.manylinux2014_i686.whl", hash = "sha256:5514adace9088891d2f89d43f2c32623dbc4749fd005ade2aee65c059aa53407"},
    {file = "tarina-0.6.3-cp311-cp311-manylinux_2_5_x86_64.manylinux1_x86_64.manylinux_2_17_x86_64.manylinux2014_x86_64.whl", hash = "sha256:f3cc7ea743fe1421ac32a45797d49bf672b8f43a6f783d3e6f058a39da1b7f75"},
    {file = "tarina-0.6.3-cp311-cp311-musllinux_1_2_aarch64.whl", hash = "sha256:897d0755443a4755a7041528651f1aae546385cfb91a84ecdd436fbba66db5f2"},
    {file = "tarina-0.6.3-cp311-cp311-musllinux_1_2_i686.whl", hash = "sha256:c1f23b69e9274494788b933602649af314b01d1d18da82cb927409f9dc0e6df1"},
    {file = "tarina-0.6.3-cp311-cp311-musllinux_1_2_ppc64le.whl", hash = "sha256:4c4a3a45db0be34ba29f1a6bece1e7ceba80618becc36d154f9a36f089904c32"},
    {file = "tarina-0.6.3-cp311-cp311-musllinux_1_2_s390x.whl", hash = "sha256:ec76367a19f30012938b0017ea12bb137b65c17233f486629d305998b54301f7"},
    {file = "tarina-0.6.3-cp311-cp311-musllinux_1_2_x86_64.whl", hash = "sha256:1a4f52d627d9f5cf38302542cf02ce4cd0774d90d3fc3f63730499f0560e2a89"},
    {file = "tarina-0.6.3-cp311-cp311-win32.whl", hash = "sha256:09eda644268a0ee5921ed69c6d32d9fb37c384403b8ef28c708cfe19f9ca7bd1"},
    {file = "tarina-0.6.3-cp311-cp311-win_amd64.whl", hash = "sha256:e8a9b13d607a73dbe4935922a4fe7db6768fb4b9ccd17657f3ba5b31652bf064"},
    {file = "tarina-0.6.3-cp312-cp312-macosx_10_13_universal2.whl", hash = "sha256:6a7738b0c47e2ab04700bcab8f4c5bb80da38052e10944d249640ce08fe19f5a"},
    {file = "tarina-0.6.3-cp312-cp312-macosx_10_13_x86_64.whl", hash = "sha256:291261089f7c27998590323e54eba7af631cd64d0d2b71ff10fcc89a93980ba3"},
    {file = "tarina-0.6.3-cp312-cp312-macosx_11_0_arm64.whl", hash = "sha256:cec66cb2c34fc112b1df15f74101cedec4d526515274cbfb6ebcb7103296cc1f"},
    {file = "tarina-0.6.3-cp312-cp312-manylinux_2_17_aarch64.manylinux2014_aarch64.whl", hash = "sha256:536dc50a796f8dc1e08c07afe1435de5dc63251335417d16da17369c887e9f96"},
    {file = "tarina-0.6.3-cp312-cp312-manylinux_2_17_ppc64le.manylinux2014_ppc64le.whl", hash = "sha256:17f3695fc5bb36f701ca050abccc439940663abcf312a93eeacbddcfe6324258"},
    {file = "tarina-0.6.3-cp312-cp312-manylinux_2_17_s390x.manylinux2014_s390x.whl", hash = "sha256:8e1c4914cec84eb85021c1aaea7cf03ee1e48670fa9990bbd55d3a612a5dc0c9"},
    {file = "tarina-0.6.3-cp312-cp312-manylinux_2_5_i686.manylinux1_i686.manylinux_2_17_i686.manylinux2014_i686.whl", hash = "sha256:8a2fc2ae412afdf6e0a09177114d2f731fa8f9fdf37b5182edb791c1e1a3b57a"},
    {file = "tarina-0.6.3-cp312-cp312-manylinux_2_5_x86_64.manylinux1_x86_64.manylinux_2_17_x86_64.manylinux2014_x86_64.whl", hash = "sha256:d6b401a7d12299feb4e3e730f9c656ba2b45183eb1edb4734cf160089e0d4f99"},
    {file = "tarina-0.6.3-cp312-cp312-musllinux_1_2_aarch64.whl", hash = "sha256:11670c89060e1f6a13a08e66dbf214ab6c5ac24eb8b41a117dc7f58cd7d32b7b"},
    {file = "tarina-0.6.3-cp312-cp312-musllinux_1_2_i686.whl", hash = "sha256:35059aa53739c5d99862c9e6cf1d88a6819ec9d00a9cdaea23d92e35c66f7dbe"},
    {file = "tarina-0.6.3-cp312-cp312-musllinux_1_2_ppc64le.whl", hash = "sha256:d99969c5304c9f2dd6a0a104f39a90a291b65e38b1c91defacc06993802b44c8"},
    {file = "tarina-0.6.3-cp312-cp312-musllinux_1_2_s390x.whl", hash = "sha256:13d623b29ea831ab9a99675ca1ce11f04dcf8d3089021f1543ee7fb87b617538"},
    {file = "tarina-0.6.3-cp312-cp312-musllinux_1_2_x86_64.whl", hash = "sha256:fd4580d870918643945d1b630e6d15747bdd3d118817a731e4357853e31e40bf"},
    {file = "tarina-0.6.3-cp312-cp312-win32.whl", hash = "sha256:8783debe80384ab9e6947852a0c06803a157dc405a5a0954420191fbf81e3584"},
    {file = "tarina-0.6.3-cp312-cp312-win_amd64.whl", hash = "sha256:b5e1d9e20169bd840689152019433cc84d3886a11624202adc3f6ac9cfc02cf1"},
    {file = "tarina-0.6.3-cp313-cp313-macosx_10_13_universal2.whl", hash = "sha256:2ab9a4cd5c34e660b4e5dc4464571e0a821dbb778b2d5dbd5827c754613eb330"},
    {file = "tarina-0.6.3-cp313-cp313-macosx_10_13_x86_64.whl", hash = "sha256:e0512dd6e750750b3f1186adb364a849c62b834420a5b9c04c01b9c1d9ae3321"},
    {file = "tarina-0.6.3-cp313-cp313-macosx_11_0_arm64.whl", hash = "sha256:0b762a6816528ebcdcb30aafca0894e8ce302d05397e6def136016d48d3ac824"},
    {file = "tarina-0.6.3-cp313-cp313-manylinux_2_17_aarch64.manylinux2014_aarch64.whl", hash = "sha256:f22f660e2fe4e0976a9de388b6b776e17f7f24e2b495d4ae8b23107a68b87f38"},
    {file = "tarina-0.6.3-cp313-cp313-manylinux_2_17_ppc64le.manylinux2014_ppc64le.whl", hash = "sha256:8d5c7a7fdb522a7b7d1907d87233162e2041aad797d2aa2b81120bf5fa166d51"},
    {file = "tarina-0.6.3-cp313-cp313-manylinux_2_17_s390x.manylinux2014_s390x.whl", hash = "sha256:f7fa81479e02062d8897773e4d538501cb7f03f0295060e4ffbbe7ea7bef6fa3"},
    {file = "tarina-0.6.3-cp313-cp313-manylinux_2_5_i686.manylinux1_i686.manylinux_2_17_i686.manylinux2014_i686.whl", hash = "sha256:23408b0149357b34139aa2dfc7cbcedfbef8751942577af1ceba119581115c7d"},
    {file = "tarina-0.6.3-cp313-cp313-manylinux_2_5_x86_64.manylinux1_x86_64.manylinux_2_17_x86_64.manylinux2014_x86_64.whl", hash = "sha256:bd6424bc435629cbf9cbcc15e7de2cd27fde971b5acb65d5dc397674c4954cd4"},
    {file = "tarina-0.6.3-cp313-cp313-musllinux_1_2_aarch64.whl", hash = "sha256:55cef82500275cd65c8f3ead84f26982b9b6e1bb362b6e9ae87f48e1a1977f39"},
    {file = "tarina-0.6.3-cp313-cp313-musllinux_1_2_i686.whl", hash = "sha256:891a0dd0d56d1fb40e9fab988cd2ca1ee5828fce35fa9389595546da44725764"},
    {file = "tarina-0.6.3-cp313-cp313-musllinux_1_2_ppc64le.whl", hash = "sha256:df4681bcfdf6a59f638e92afed1f7849dd3abdd44473a5b525ddbbdf86097e4a"},
    {file = "tarina-0.6.3-cp313-cp313-musllinux_1_2_s390x.whl", hash = "sha256:b6c8bbcf50a74749b4151c3198fd54db47fd3d70918aa95e1bb80608937580e1"},
    {file = "tarina-0.6.3-cp313-cp313-musllinux_1_2_x86_64.whl", hash = "sha256:bb920f665dcbacee8e842f7e8ded67efbe7eec56d3e172f704f355d868839fa1"},
    {file = "tarina-0.6.3-cp313-cp313-win32.whl", hash = "sha256:6d084511e3e2aa6bf0e2e6d520ac906860144cf4bd1955782f7038821933d18e"},
    {file = "tarina-0.6.3-cp313-cp313-win_amd64.whl", hash = "sha256:c48b635827c79ae571981c7cd3f7a1a2779c5e8cfa3090c143032d3af07f3304"},
    {file = "tarina-0.6.3-py3-none-any.whl", hash = "sha256:b60e83ae288f4db43cea5c57957bad1957910f7523541caa6c74b16452734697"},
    {file = "tarina-0.6.3.tar.gz", hash = "sha256:e97cf86f8a4e2a55e31c9f52b74791a4ce29360ce6e45e92584000e59998bd61"},
]

[[package]]
name = "typing-extensions"
version = "4.12.2"
requires_python = ">=3.8"
summary = "Backported and Experimental Type Hints for Python 3.8+"
groups = ["default"]
files = [
    {file = "typing_extensions-4.12.2-py3-none-any.whl", hash = "sha256:04e5ca0351e0f3f85c6853954072df659d0d13fac324d0072316b67d7794700d"},
    {file = "typing_extensions-4.12.2.tar.gz", hash = "sha256:1a7ead55c7e559dd4dee8856e3a88b41225abfe1ce8df57b7c13915fe121ffb8"},
]
